PODS:
  - Alamofire (5.6.2)
  - Kingfisher (7.3.2)
  - Realm (10.29.0):
    - Realm/Headers (= 10.29.0)
  - Realm/Headers (10.29.0)
  - RealmSwift (10.29.0):
    - Realm (= 10.29.0)
  - SnapKit (5.6.0)
  - SwiftLint (0.49.1)

DEPENDENCIES:
  - Alamofire
  - Kingfisher
  - RealmSwift
  - SnapKit
  - SwiftLint

SPEC REPOS:
  trunk:
    - Alamofire
    - Kingfisher
    - Realm
    - RealmSwift
    - SnapKit
    - SwiftLint

SPEC CHECKSUMS:
  Alamofire: d368e1ff8a298e6dde360e35a3e68e6c610e7204
  Kingfisher: 0086ad83719761ba9b2cdaf6ef4d5b4878cbae23
  Realm: 5596770daeff1ad76c8eb10d5947dc10472da779
  RealmSwift: 35d8d318b7e5a8dbc7096c2a243184e4d19abcc0
  SnapKit: e01d52ebb8ddbc333eefe2132acf85c8227d9c25
  SwiftLint: 32ee33ded0636d0905ef6911b2b67bbaeeedafa5

PODFILE CHECKSUM: a1601d5f970016685e0a6543d13dc59a64731e51

COCOAPODS: 1.11.3
